
Microsoft Visual Studio Solution File, Format Version 12.00
# Visual Studio 15
VisualStudioVersion = 15.0.28010.2026
MinimumVisualStudioVersion = 10.0.40219.1
Project("{FAE04EC0-301F-11D3-BF4B-00C04F79EFBC}") = "MeassurementWebService", "MeassurementWebService\MeassurementWebService.csproj", "{32AE888A-A070-4E98-87EC-22813979994E}"
EndProject
Project("{FAE04EC0-301F-11D3-BF4B-00C04F79EFBC}") = "TestMeassurementController", "TestMeassurementController\TestMeassurementController.csproj", "{0DB29195-310E-4A12-88F9-1438207F27F2}"
EndProject
Project("{FAE04EC0-301F-11D3-BF4B-00C04F79EFBC}") = "UdpBroadcastReceiver", "UdpBroadcastReceiver\UdpBroadcastReceiver.csproj", "{55FC6B82-022D-4B60-AF5C-EC8171F996D3}"
EndProject
Global
	GlobalSection(SolutionConfigurationPlatforms) = preSolution
		Debug|Any CPU = Debug|Any CPU
		Release|Any CPU = Release|Any CPU
	EndGlobalSection
	GlobalSection(ProjectConfigurationPlatforms) = postSolution
		{32AE888A-A070-4E98-87EC-22813979994E}.Debug|Any CPU.ActiveCfg = Debug|Any CPU
		{32AE888A-A070-4E98-87EC-22813979994E}.Debug|Any CPU.Build.0 = Debug|Any CPU
		{32AE888A-A070-4E98-87EC-22813979994E}.Release|Any CPU.ActiveCfg = Release|Any CPU
		{32AE888A-A070-4E98-87EC-22813979994E}.Release|Any CPU.Build.0 = Release|Any CPU
		{0DB29195-310E-4A12-88F9-1438207F27F2}.Debug|Any CPU.ActiveCfg = Debug|Any CPU
		{0DB29195-310E-4A12-88F9-1438207F27F2}.Debug|Any CPU.Build.0 = Debug|Any CPU
		{0DB29195-310E-4A12-88F9-1438207F27F2}.Release|Any CPU.ActiveCfg = Release|Any CPU
		{0DB29195-310E-4A12-88F9-1438207F27F2}.Release|Any CPU.Build.0 = Release|Any CPU
		{55FC6B82-022D-4B60-AF5C-EC8171F996D3}.Debug|Any CPU.ActiveCfg = Debug|Any CPU
		{55FC6B82-022D-4B60-AF5C-EC8171F996D3}.Debug|Any CPU.Build.0 = Debug|Any CPU
		{55FC6B82-022D-4B60-AF5C-EC8171F996D3}.Release|Any CPU.ActiveCfg = Release|Any CPU
		{55FC6B82-022D-4B60-AF5C-EC8171F996D3}.Release|Any CPU.Build.0 = Release|Any CPU
	EndGlobalSection
	GlobalSection(SolutionProperties) = preSolution
		HideSolutionNode = FALSE
	EndGlobalSection
	GlobalSection(ExtensibilityGlobals) = postSolution
		SolutionGuid = {A8146A2D-F2D1-4359-9E3B-7EBD2090D2F1}
	EndGlobalSection
EndGlobal
